# This file is automatically @generated by Poetry 1.4.0 and should not be changed by hand.

[[package]]
name = "anyio"
version = "3.6.2"
description = "High level compatibility layer for multiple asynchronous event loop implementations"
category = "main"
optional = false
python-versions = ">=3.6.2"
files = [
    {file = "anyio-3.6.2-py3-none-any.whl", hash = "sha256:fbbe32bd270d2a2ef3ed1c5d45041250284e31fc0a4df4a5a6071842051a51e3"},
    {file = "anyio-3.6.2.tar.gz", hash = "sha256:25ea0d673ae30af41a0c442f81cf3b38c7e79fdc7b60335a4c14e05eb0947421"},
]

[package.dependencies]
idna = ">=2.8"
sniffio = ">=1.1"

[package.extras]
doc = ["packaging", "sphinx-autodoc-typehints (>=1.2.0)", "sphinx-rtd-theme"]
test = ["contextlib2", "coverage[toml] (>=4.5)", "hypothesis (>=4.0)", "mock (>=4)", "pytest (>=7.0)", "pytest-mock (>=3.6.1)", "trustme", "uvloop (<0.15)", "uvloop (>=0.15)"]
trio = ["trio (>=0.16,<0.22)"]

[[package]]
name = "argparse"
version = "1.4.0"
description = "Python command-line parsing library"
category = "main"
optional = false
python-versions = "*"
files = [
    {file = "argparse-1.4.0-py2.py3-none-any.whl", hash = "sha256:c31647edb69fd3d465a847ea3157d37bed1f95f19760b11a47aa91c04b666314"},
    {file = "argparse-1.4.0.tar.gz", hash = "sha256:62b089a55be1d8949cd2bc7e0df0bddb9e028faefc8c32038cc84862aefdd6e4"},
]

[[package]]
name = "certifi"
version = "2023.5.7"
description = "Python package for providing Mozilla's CA Bundle."
category = "main"
optional = false
python-versions = ">=3.6"
files = [
    {file = "certifi-2023.5.7-py3-none-any.whl", hash = "sha256:c6c2e98f5c7869efca1f8916fed228dd91539f9f1b444c314c06eef02980c716"},
    {file = "certifi-2023.5.7.tar.gz", hash = "sha256:0f0d56dc5a6ad56fd4ba36484d6cc34451e1c6548c61daad8c320169f91eddc7"},
]

[[package]]
name = "grpcio"
version = "1.54.0"
description = "HTTP/2-based RPC framework"
category = "main"
optional = false
python-versions = ">=3.7"
files = [
    {file = "grpcio-1.54.0-cp310-cp310-linux_armv7l.whl", hash = "sha256:a947d5298a0bbdd4d15671024bf33e2b7da79a70de600ed29ba7e0fef0539ebb"},
    {file = "grpcio-1.54.0-cp310-cp310-macosx_12_0_universal2.whl", hash = "sha256:e355ee9da9c1c03f174efea59292b17a95e0b7b4d7d2a389265f731a9887d5a9"},
    {file = "grpcio-1.54.0-cp310-cp310-manylinux_2_17_aarch64.whl", hash = "sha256:73c238ef6e4b64272df7eec976bb016c73d3ab5a6c7e9cd906ab700523d312f3"},
    {file = "grpcio-1.54.0-cp310-cp310-manylinux_2_17_i686.manylinux2014_i686.whl", hash = "sha256:1c59d899ee7160638613a452f9a4931de22623e7ba17897d8e3e348c2e9d8d0b"},
    {file = "grpcio-1.54.0-cp310-cp310-manylinux_2_17_x86_64.manylinux2014_x86_64.whl", hash = "sha256:48cb7af77238ba16c77879009003f6b22c23425e5ee59cb2c4c103ec040638a5"},
    {file = "grpcio-1.54.0-cp310-cp310-musllinux_1_1_i686.whl", hash = "sha256:2262bd3512ba9e9f0e91d287393df6f33c18999317de45629b7bd46c40f16ba9"},
    {file = "grpcio-1.54.0-cp310-cp310-musllinux_1_1_x86_64.whl", hash = "sha256:224166f06ccdaf884bf35690bf4272997c1405de3035d61384ccb5b25a4c1ca8"},
    {file = "grpcio-1.54.0-cp310-cp310-win32.whl", hash = "sha256:ed36e854449ff6c2f8ee145f94851fe171298e1e793f44d4f672c4a0d78064e7"},
    {file = "grpcio-1.54.0-cp310-cp310-win_amd64.whl", hash = "sha256:27fb030a4589d2536daec5ff5ba2a128f4f155149efab578fe2de2cb21596d3d"},
    {file = "grpcio-1.54.0-cp311-cp311-linux_armv7l.whl", hash = "sha256:f4a7dca8ccd8023d916b900aa3c626f1bd181bd5b70159479b142f957ff420e4"},
    {file = "grpcio-1.54.0-cp311-cp311-macosx_10_10_universal2.whl", hash = "sha256:1209d6b002b26e939e4c8ea37a3d5b4028eb9555394ea69fb1adbd4b61a10bb8"},
    {file = "grpcio-1.54.0-cp311-cp311-manylinux_2_17_aarch64.whl", hash = "sha256:860fcd6db7dce80d0a673a1cc898ce6bc3d4783d195bbe0e911bf8a62c93ff3f"},
    {file = "grpcio-1.54.0-cp311-cp311-manylinux_2_17_i686.manylinux2014_i686.whl", hash = "sha256:3930669c9e6f08a2eed824738c3d5699d11cd47a0ecc13b68ed11595710b1133"},
    {file = "grpcio-1.54.0-cp311-cp311-manylinux_2_17_x86_64.manylinux2014_x86_64.whl", hash = "sha256:62117486460c83acd3b5d85c12edd5fe20a374630475388cfc89829831d3eb79"},
    {file = "grpcio-1.54.0-cp311-cp311-musllinux_1_1_i686.whl", hash = "sha256:e3e526062c690517b42bba66ffe38aaf8bc99a180a78212e7b22baa86902f690"},
    {file = "grpcio-1.54.0-cp311-cp311-musllinux_1_1_x86_64.whl", hash = "sha256:ebff0738be0499d7db74d20dca9f22a7b27deae31e1bf92ea44924fd69eb6251"},
    {file = "grpcio-1.54.0-cp311-cp311-win32.whl", hash = "sha256:21c4a1aae861748d6393a3ff7867473996c139a77f90326d9f4104bebb22d8b8"},
    {file = "grpcio-1.54.0-cp311-cp311-win_amd64.whl", hash = "sha256:3db71c6f1ab688d8dfc102271cedc9828beac335a3a4372ec54b8bf11b43fd29"},
    {file = "grpcio-1.54.0-cp37-cp37m-linux_armv7l.whl", hash = "sha256:960b176e0bb2b4afeaa1cd2002db1e82ae54c9b6e27ea93570a42316524e77cf"},
    {file = "grpcio-1.54.0-cp37-cp37m-macosx_10_10_universal2.whl", hash = "sha256:d8ae6e0df3a608e99ee1acafaafd7db0830106394d54571c1ece57f650124ce9"},
    {file = "grpcio-1.54.0-cp37-cp37m-manylinux_2_17_aarch64.whl", hash = "sha256:c33744d0d1a7322da445c0fe726ea6d4e3ef2dfb0539eadf23dce366f52f546c"},
    {file = "grpcio-1.54.0-cp37-cp37m-manylinux_2_17_i686.manylinux2014_i686.whl", hash = "sha256:1d109df30641d050e009105f9c9ca5a35d01e34d2ee2a4e9c0984d392fd6d704"},
    {file = "grpcio-1.54.0-cp37-cp37m-manylinux_2_17_x86_64.manylinux2014_x86_64.whl", hash = "sha256:775a2f70501370e5ba54e1ee3464413bff9bd85bd9a0b25c989698c44a6fb52f"},
    {file = "grpcio-1.54.0-cp37-cp37m-musllinux_1_1_i686.whl", hash = "sha256:c55a9cf5cba80fb88c850915c865b8ed78d5e46e1f2ec1b27692f3eaaf0dca7e"},
    {file = "grpcio-1.54.0-cp37-cp37m-musllinux_1_1_x86_64.whl", hash = "sha256:1fa7d6ddd33abbd3c8b3d7d07c56c40ea3d1891ce3cd2aa9fa73105ed5331866"},
    {file = "grpcio-1.54.0-cp37-cp37m-win_amd64.whl", hash = "sha256:ed3d458ded32ff3a58f157b60cc140c88f7ac8c506a1c567b2a9ee8a2fd2ce54"},
    {file = "grpcio-1.54.0-cp38-cp38-linux_armv7l.whl", hash = "sha256:5942a3e05630e1ef5b7b5752e5da6582460a2e4431dae603de89fc45f9ec5aa9"},
    {file = "grpcio-1.54.0-cp38-cp38-macosx_10_10_universal2.whl", hash = "sha256:125ed35aa3868efa82eabffece6264bf638cfdc9f0cd58ddb17936684aafd0f8"},
    {file = "grpcio-1.54.0-cp38-cp38-manylinux_2_17_aarch64.whl", hash = "sha256:b7655f809e3420f80ce3bf89737169a9dce73238af594049754a1128132c0da4"},
    {file = "grpcio-1.54.0-cp38-cp38-manylinux_2_17_i686.manylinux2014_i686.whl", hash = "sha256:87f47bf9520bba4083d65ab911f8f4c0ac3efa8241993edd74c8dd08ae87552f"},
    {file = "grpcio-1.54.0-cp38-cp38-manylinux_2_17_x86_64.manylinux2014_x86_64.whl", hash = "sha256:16bca8092dd994f2864fdab278ae052fad4913f36f35238b2dd11af2d55a87db"},
    {file = "grpcio-1.54.0-cp38-cp38-musllinux_1_1_i686.whl", hash = "sha256:d2f62fb1c914a038921677cfa536d645cb80e3dd07dc4859a3c92d75407b90a5"},
    {file = "grpcio-1.54.0-cp38-cp38-musllinux_1_1_x86_64.whl", hash = "sha256:a7caf553ccaf715ec05b28c9b2ab2ee3fdb4036626d779aa09cf7cbf54b71445"},
    {file = "grpcio-1.54.0-cp38-cp38-win32.whl", hash = "sha256:2585b3c294631a39b33f9f967a59b0fad23b1a71a212eba6bc1e3ca6e6eec9ee"},
    {file = "grpcio-1.54.0-cp38-cp38-win_amd64.whl", hash = "sha256:3b170e441e91e4f321e46d3cc95a01cb307a4596da54aca59eb78ab0fc03754d"},
    {file = "grpcio-1.54.0-cp39-cp39-linux_armv7l.whl", hash = "sha256:1382bc499af92901c2240c4d540c74eae8a671e4fe9839bfeefdfcc3a106b5e2"},
    {file = "grpcio-1.54.0-cp39-cp39-macosx_10_10_universal2.whl", hash = "sha256:031bbd26656e0739e4b2c81c172155fb26e274b8d0312d67aefc730bcba915b6"},
    {file = "grpcio-1.54.0-cp39-cp39-manylinux_2_17_aarch64.whl", hash = "sha256:a97b0d01ae595c997c1d9d8249e2d2da829c2d8a4bdc29bb8f76c11a94915c9a"},
    {file = "grpcio-1.54.0-cp39-cp39-manylinux_2_17_i686.manylinux2014_i686.whl", hash = "sha256:533eaf5b2a79a3c6f35cbd6a095ae99cac7f4f9c0e08bdcf86c130efd3c32adf"},
    {file = "grpcio-1.54.0-cp39-cp39-manylinux_2_17_x86_64.manylinux2014_x86_64.whl", hash = "sha256:49eace8ea55fbc42c733defbda1e4feb6d3844ecd875b01bb8b923709e0f5ec8"},
    {file = "grpcio-1.54.0-cp39-cp39-musllinux_1_1_i686.whl", hash = "sha256:30fbbce11ffeb4f9f91c13fe04899aaf3e9a81708bedf267bf447596b95df26b"},
    {file = "grpcio-1.54.0-cp39-cp39-musllinux_1_1_x86_64.whl", hash = "sha256:650f5f2c9ab1275b4006707411bb6d6bc927886874a287661c3c6f332d4c068b"},
    {file = "grpcio-1.54.0-cp39-cp39-win32.whl", hash = "sha256:02000b005bc8b72ff50c477b6431e8886b29961159e8b8d03c00b3dd9139baed"},
    {file = "grpcio-1.54.0-cp39-cp39-win_amd64.whl", hash = "sha256:6dc1e2c9ac292c9a484ef900c568ccb2d6b4dfe26dfa0163d5bc815bb836c78d"},
    {file = "grpcio-1.54.0.tar.gz", hash = "sha256:eb0807323572642ab73fd86fe53d88d843ce617dd1ddf430351ad0759809a0ae"},
]

[package.extras]
protobuf = ["grpcio-tools (>=1.54.0)"]

[[package]]
name = "grpcio-tools"
version = "1.54.0"
description = "Protobuf code generator for gRPC"
category = "main"
optional = false
python-versions = ">=3.7"
files = [
    {file = "grpcio-tools-1.54.0.tar.gz", hash = "sha256:df79acbf59997018e131713b716a2fddb5556e1840e9fb9de4ca73bf2059590e"},
    {file = "grpcio_tools-1.54.0-cp310-cp310-linux_armv7l.whl", hash = "sha256:7abdefb364de75d13d929093e571b84c4ea2580dbf5e4b6f5099ac9fa1a93f29"},
    {file = "grpcio_tools-1.54.0-cp310-cp310-macosx_12_0_universal2.whl", hash = "sha256:66738bc9d7b5db1a86832fa930cdd8faaf0c68bf70751d930c686d6bb309fad0"},
    {file = "grpcio_tools-1.54.0-cp310-cp310-manylinux_2_17_aarch64.whl", hash = "sha256:de07f7441e2f318a68631626d4d99c22244901ad7451a3e9fa08e5601a54772f"},
    {file = "grpcio_tools-1.54.0-cp310-cp310-manylinux_2_17_i686.manylinux2014_i686.whl", hash = "sha256:fb6774907a708079afb3deecdd8e053d2b2b066c279a5d8c4957687db3f809ce"},
    {file = "grpcio_tools-1.54.0-cp310-cp310-manylinux_2_17_x86_64.manylinux2014_x86_64.whl", hash = "sha256:7615b824132fcea4769d0cd99bdeffe25b096b48215c36675f37f7b57dc09635"},
    {file = "grpcio_tools-1.54.0-cp310-cp310-musllinux_1_1_i686.whl", hash = "sha256:22b826b1d0d98a3bb80094928e21c48e23d022168e91d466a21389d1cda87177"},
    {file = "grpcio_tools-1.54.0-cp310-cp310-musllinux_1_1_x86_64.whl", hash = "sha256:c03ceec6441365ec56c7fc6f38386917814ad02144dc1ecf03e13cee45f26389"},
    {file = "grpcio_tools-1.54.0-cp310-cp310-win32.whl", hash = "sha256:a61f367a153e3e604b1b59cec2f5e61255ffb6328d7348a53531e90ad98cc4fd"},
    {file = "grpcio_tools-1.54.0-cp310-cp310-win_amd64.whl", hash = "sha256:8a91f973b44fc90c32b7df79daec78907f0721e65d85fdff9133e05fee1f6e56"},
    {file = "grpcio_tools-1.54.0-cp311-cp311-linux_armv7l.whl", hash = "sha256:436335857731e8f0bc5d345804d7dcd1bc677a1f793ea2b22e0627870ea31df6"},
    {file = "grpcio_tools-1.54.0-cp311-cp311-macosx_10_10_universal2.whl", hash = "sha256:9fa42e3851c3c795228e2699c68ff7db14789991da4b53d3634360a361e0e420"},
    {file = "grpcio_tools-1.54.0-cp311-cp311-manylinux_2_17_aarch64.whl", hash = "sha256:7ab23a94a8a7aa97ad8f46ba39ade4462c19833aa4815780db2cec647df7efef"},
    {file = "grpcio_tools-1.54.0-cp311-cp311-manylinux_2_17_i686.manylinux2014_i686.whl", hash = "sha256:12c3091ef09df47c20d698dc74a373c1674c67ac5ac12ef24433002165129556"},
    {file = "grpcio_tools-1.54.0-cp311-cp311-manylinux_2_17_x86_64.manylinux2014_x86_64.whl", hash = "sha256:536c108ee8fa46b1ca8d03f4033cdf282741978f3f83dcc8b2a9e7a2b8197271"},
    {file = "grpcio_tools-1.54.0-cp311-cp311-musllinux_1_1_i686.whl", hash = "sha256:a66baf974aa00542ba4b6be499266ef8d63aa1abe7c78abab168bdf2fcd7f216"},
    {file = "grpcio_tools-1.54.0-cp311-cp311-musllinux_1_1_x86_64.whl", hash = "sha256:b944c1654b5f0710e782c0e3462d7acca900cbf2fb874d62e51a5279293151a9"},
    {file = "grpcio_tools-1.54.0-cp311-cp311-win32.whl", hash = "sha256:f5aaa7e90e0947aec936e02fb85f312ca03c2258f3ee78403dcc27389fc62838"},
    {file = "grpcio_tools-1.54.0-cp311-cp311-win_amd64.whl", hash = "sha256:6ff318cd73b5cbdb16616d093c1c7b340d8d13b5bada2df7fbd873e899eab162"},
    {file = "grpcio_tools-1.54.0-cp37-cp37m-linux_armv7l.whl", hash = "sha256:86169076170f835139db7ec8362124cabe8f01050c2a717500a0fcdeb71dc537"},
    {file = "grpcio_tools-1.54.0-cp37-cp37m-macosx_10_10_universal2.whl", hash = "sha256:24158db60cdda7c9eb803a9ed033a23b4420fd13ba4c54392d6b396589afb969"},
    {file = "grpcio_tools-1.54.0-cp37-cp37m-manylinux_2_17_aarch64.whl", hash = "sha256:58d2cbbf4e40cecd09f4fa6a2c15f7a95ec90f492b4e31469d8c9db981426106"},
    {file = "grpcio_tools-1.54.0-cp37-cp37m-manylinux_2_17_i686.manylinux2014_i686.whl", hash = "sha256:1e15aa21a68cdb66b38db645924a09196cbbf4ad3ce1cf9dbcdf7b245292e380"},
    {file = "grpcio_tools-1.54.0-cp37-cp37m-manylinux_2_17_x86_64.manylinux2014_x86_64.whl", hash = "sha256:23474a820bdf8126af93724c7f6b23b16d9f3ad4c4bdcb40936ecb7f2be6bcc7"},
    {file = "grpcio_tools-1.54.0-cp37-cp37m-musllinux_1_1_i686.whl", hash = "sha256:8d2d5522d2222879c161479b5c91661cf788a3178f0b7532fd4c3e918e3390c4"},
    {file = "grpcio_tools-1.54.0-cp37-cp37m-musllinux_1_1_x86_64.whl", hash = "sha256:52b6f78f5601cd080e5456ec24fd960328f9962e9aa4f9f556ec6fd5e4a391bf"},
    {file = "grpcio_tools-1.54.0-cp37-cp37m-win_amd64.whl", hash = "sha256:292c0838d4a52ca53a941d197de57efc7f9df548d0619e14680c3e1ebeb33752"},
    {file = "grpcio_tools-1.54.0-cp38-cp38-linux_armv7l.whl", hash = "sha256:b1a3aad8a85d408ec925ee63668c2e4f075c96f67fcc3c43366a28f60e25873c"},
    {file = "grpcio_tools-1.54.0-cp38-cp38-macosx_10_10_universal2.whl", hash = "sha256:9d9a8d35a898f5c160fdb1ba0f58ada80e8e291cdffd6025f6043228d0832b2f"},
    {file = "grpcio_tools-1.54.0-cp38-cp38-manylinux_2_17_aarch64.whl", hash = "sha256:42e8509ae024e8fb4eeab5ed9518c8e88d7f46a56015ae940796fe708d781e9f"},
    {file = "grpcio_tools-1.54.0-cp38-cp38-manylinux_2_17_i686.manylinux2014_i686.whl", hash = "sha256:6dd57137706257c39255020fb04322eef6c4043a11fc86042ae22b05167603ca"},
    {file = "grpcio_tools-1.54.0-cp38-cp38-manylinux_2_17_x86_64.manylinux2014_x86_64.whl", hash = "sha256:d8ed6146e08b82caff467ac2af6c41f092212e3b5795687b76dd9219ac8b7186"},
    {file = "grpcio_tools-1.54.0-cp38-cp38-musllinux_1_1_i686.whl", hash = "sha256:4b32eaf44939c3dfa127bcb6bcf685188a05c1e0f54a7c8ed10770cbe177ca15"},
    {file = "grpcio_tools-1.54.0-cp38-cp38-musllinux_1_1_x86_64.whl", hash = "sha256:cca182c9a33dbf52c61a13fd1b98af535e7563bcd9e02e60e9de742d385f2ffb"},
    {file = "grpcio_tools-1.54.0-cp38-cp38-win32.whl", hash = "sha256:ce20c3523a4bdb85531e762f45f7c5f5a915e5a8f25db3d58ebb6a8a37290a75"},
    {file = "grpcio_tools-1.54.0-cp38-cp38-win_amd64.whl", hash = "sha256:53dc65731a46bc065ad8d717d75d8659763126d1626eacc6f225c0b779ccc350"},
    {file = "grpcio_tools-1.54.0-cp39-cp39-linux_armv7l.whl", hash = "sha256:072279c394086ec07af8736f94aa6be671000af143df5f3040500e8cd5de484d"},
    {file = "grpcio_tools-1.54.0-cp39-cp39-macosx_10_10_universal2.whl", hash = "sha256:473dbd7005d059d1dc84490eec35699029d629048e7fdd76e31c14fc58a603e5"},
    {file = "grpcio_tools-1.54.0-cp39-cp39-manylinux_2_17_aarch64.whl", hash = "sha256:22eecfbb85da93405e056f073e339c34f881a3b410800902ae533e475688b1f1"},
    {file = "grpcio_tools-1.54.0-cp39-cp39-manylinux_2_17_i686.manylinux2014_i686.whl", hash = "sha256:e0ba9344855b0c617d6df6bfb46ffbc574815c7152afa023e443cce4d5402f55"},
    {file = "grpcio_tools-1.54.0-cp39-cp39-manylinux_2_17_x86_64.manylinux2014_x86_64.whl", hash = "sha256:235ea036d56ab9b6e4f235c554cf4680c42bf79352046e8a25829f597ca0d56b"},
    {file = "grpcio_tools-1.54.0-cp39-cp39-musllinux_1_1_i686.whl", hash = "sha256:adc93f29353377182556e37120985f69f0fccc79ab65a0f24c1cc53075344dd7"},
    {file = "grpcio_tools-1.54.0-cp39-cp39-musllinux_1_1_x86_64.whl", hash = "sha256:ab45bda18b4931b08d89e490fd920bf654109d1c2e80b037fe9b60ab30fb4d9d"},
    {file = "grpcio_tools-1.54.0-cp39-cp39-win32.whl", hash = "sha256:43339122c891110e9ed020974c0fe2bd773d96c184203a62d0973f4cfb007f80"},
    {file = "grpcio_tools-1.54.0-cp39-cp39-win_amd64.whl", hash = "sha256:d58528d6ea1835c0d4c34b60152dd29b3c9ab02ad0a8e734de240d54786d8b1e"},
]

[package.dependencies]
grpcio = ">=1.54.0"
protobuf = ">=4.21.6,<5.0dev"
setuptools = "*"

[[package]]
name = "h11"
version = "0.14.0"
description = "A pure-Python, bring-your-own-I/O implementation of HTTP/1.1"
category = "main"
optional = false
python-versions = ">=3.7"
files = [
    {file = "h11-0.14.0-py3-none-any.whl", hash = "sha256:e3fe4ac4b851c468cc8363d500db52c2ead036020723024a109d37346efaa761"},
    {file = "h11-0.14.0.tar.gz", hash = "sha256:8f19fbbe99e72420ff35c00b27a34cb9937e902a8b810e2c88300c6f0a3b699d"},
]

[[package]]
name = "h2"
version = "4.1.0"
description = "HTTP/2 State-Machine based protocol implementation"
category = "main"
optional = false
python-versions = ">=3.6.1"
files = [
    {file = "h2-4.1.0-py3-none-any.whl", hash = "sha256:03a46bcf682256c95b5fd9e9a99c1323584c3eec6440d379b9903d709476bc6d"},
    {file = "h2-4.1.0.tar.gz", hash = "sha256:a83aca08fbe7aacb79fec788c9c0bac936343560ed9ec18b82a13a12c28d2abb"},
]

[package.dependencies]
hpack = ">=4.0,<5"
hyperframe = ">=6.0,<7"

[[package]]
name = "hpack"
version = "4.0.0"
description = "Pure-Python HPACK header compression"
category = "main"
optional = false
python-versions = ">=3.6.1"
files = [
    {file = "hpack-4.0.0-py3-none-any.whl", hash = "sha256:84a076fad3dc9a9f8063ccb8041ef100867b1878b25ef0ee63847a5d53818a6c"},
    {file = "hpack-4.0.0.tar.gz", hash = "sha256:fc41de0c63e687ebffde81187a948221294896f6bdc0ae2312708df339430095"},
]

[[package]]
name = "httpcore"
version = "0.17.0"
description = "A minimal low-level HTTP client."
category = "main"
optional = false
python-versions = ">=3.7"
files = [
    {file = "httpcore-0.17.0-py3-none-any.whl", hash = "sha256:0fdfea45e94f0c9fd96eab9286077f9ff788dd186635ae61b312693e4d943599"},
    {file = "httpcore-0.17.0.tar.gz", hash = "sha256:cc045a3241afbf60ce056202301b4d8b6af08845e3294055eb26b09913ef903c"},
]

[package.dependencies]
anyio = ">=3.0,<5.0"
certifi = "*"
h11 = ">=0.13,<0.15"
sniffio = ">=1.0.0,<2.0.0"

[package.extras]
http2 = ["h2 (>=3,<5)"]
socks = ["socksio (>=1.0.0,<2.0.0)"]

[[package]]
name = "httpx"
version = "0.24.0"
description = "The next generation HTTP client."
category = "main"
optional = false
python-versions = ">=3.7"
files = [
    {file = "httpx-0.24.0-py3-none-any.whl", hash = "sha256:447556b50c1921c351ea54b4fe79d91b724ed2b027462ab9a329465d147d5a4e"},
    {file = "httpx-0.24.0.tar.gz", hash = "sha256:507d676fc3e26110d41df7d35ebd8b3b8585052450f4097401c9be59d928c63e"},
]

[package.dependencies]
certifi = "*"
h2 = {version = ">=3,<5", optional = true, markers = "extra == \"http2\""}
httpcore = ">=0.15.0,<0.18.0"
idna = "*"
sniffio = "*"

[package.extras]
brotli = ["brotli", "brotlicffi"]
cli = ["click (>=8.0.0,<9.0.0)", "pygments (>=2.0.0,<3.0.0)", "rich (>=10,<14)"]
http2 = ["h2 (>=3,<5)"]
socks = ["socksio (>=1.0.0,<2.0.0)"]

[[package]]
name = "hyperframe"
version = "6.0.1"
description = "HTTP/2 framing layer for Python"
category = "main"
optional = false
python-versions = ">=3.6.1"
files = [
    {file = "hyperframe-6.0.1-py3-none-any.whl", hash = "sha256:0ec6bafd80d8ad2195c4f03aacba3a8265e57bc4cff261e802bf39970ed02a15"},
    {file = "hyperframe-6.0.1.tar.gz", hash = "sha256:ae510046231dc8e9ecb1a6586f63d2347bf4c8905914aa84ba585ae85f28a914"},
]

[[package]]
name = "idna"
version = "3.4"
description = "Internationalized Domain Names in Applications (IDNA)"
category = "main"
optional = false
python-versions = ">=3.5"
files = [
    {file = "idna-3.4-py3-none-any.whl", hash = "sha256:90b77e79eaa3eba6de819a0c442c0b4ceefc341a7a2ab77d7562bf49f425c5c2"},
    {file = "idna-3.4.tar.gz", hash = "sha256:814f528e8dead7d329833b91c5faa87d60bf71824cd12a7530b5526063d02cb4"},
]

[[package]]
name = "numpy"
version = "1.24.3"
description = "Fundamental package for array computing in Python"
category = "main"
optional = false
python-versions = ">=3.8"
files = [
    {file = "numpy-1.24.3-cp310-cp310-macosx_10_9_x86_64.whl", hash = "sha256:3c1104d3c036fb81ab923f507536daedc718d0ad5a8707c6061cdfd6d184e570"},
    {file = "numpy-1.24.3-cp310-cp310-macosx_11_0_arm64.whl", hash = "sha256:202de8f38fc4a45a3eea4b63e2f376e5f2dc64ef0fa692838e31a808520efaf7"},
    {file = "numpy-1.24.3-cp310-cp310-manylinux_2_17_aarch64.manylinux2014_aarch64.whl", hash = "sha256:8535303847b89aa6b0f00aa1dc62867b5a32923e4d1681a35b5eef2d9591a463"},
    {file = "numpy-1.24.3-cp310-cp310-manylinux_2_17_x86_64.manylinux2014_x86_64.whl", hash = "sha256:2d926b52ba1367f9acb76b0df6ed21f0b16a1ad87c6720a1121674e5cf63e2b6"},
    {file = "numpy-1.24.3-cp310-cp310-win32.whl", hash = "sha256:f21c442fdd2805e91799fbe044a7b999b8571bb0ab0f7850d0cb9641a687092b"},
    {file = "numpy-1.24.3-cp310-cp310-win_amd64.whl", hash = "sha256:ab5f23af8c16022663a652d3b25dcdc272ac3f83c3af4c02eb8b824e6b3ab9d7"},
    {file = "numpy-1.24.3-cp311-cp311-macosx_10_9_x86_64.whl", hash = "sha256:9a7721ec204d3a237225db3e194c25268faf92e19338a35f3a224469cb6039a3"},
    {file = "numpy-1.24.3-cp311-cp311-macosx_11_0_arm64.whl", hash = "sha256:d6cc757de514c00b24ae8cf5c876af2a7c3df189028d68c0cb4eaa9cd5afc2bf"},
    {file = "numpy-1.24.3-cp311-cp311-manylinux_2_17_aarch64.manylinux2014_aarch64.whl", hash = "sha256:76e3f4e85fc5d4fd311f6e9b794d0c00e7002ec122be271f2019d63376f1d385"},
    {file = "numpy-1.24.3-cp311-cp311-manylinux_2_17_x86_64.manylinux2014_x86_64.whl", hash = "sha256:a1d3c026f57ceaad42f8231305d4653d5f05dc6332a730ae5c0bea3513de0950"},
    {file = "numpy-1.24.3-cp311-cp311-win32.whl", hash = "sha256:c91c4afd8abc3908e00a44b2672718905b8611503f7ff87390cc0ac3423fb096"},
    {file = "numpy-1.24.3-cp311-cp311-win_amd64.whl", hash = "sha256:5342cf6aad47943286afa6f1609cad9b4266a05e7f2ec408e2cf7aea7ff69d80"},
    {file = "numpy-1.24.3-cp38-cp38-macosx_10_9_x86_64.whl", hash = "sha256:7776ea65423ca6a15255ba1872d82d207bd1e09f6d0894ee4a64678dd2204078"},
    {file = "numpy-1.24.3-cp38-cp38-macosx_11_0_arm64.whl", hash = "sha256:ae8d0be48d1b6ed82588934aaaa179875e7dc4f3d84da18d7eae6eb3f06c242c"},
    {file = "numpy-1.24.3-cp38-cp38-manylinux_2_17_aarch64.manylinux2014_aarch64.whl", hash = "sha256:ecde0f8adef7dfdec993fd54b0f78183051b6580f606111a6d789cd14c61ea0c"},
    {file = "numpy-1.24.3-cp38-cp38-manylinux_2_17_x86_64.manylinux2014_x86_64.whl", hash = "sha256:4749e053a29364d3452c034827102ee100986903263e89884922ef01a0a6fd2f"},
    {file = "numpy-1.24.3-cp38-cp38-win32.whl", hash = "sha256:d933fabd8f6a319e8530d0de4fcc2e6a61917e0b0c271fded460032db42a0fe4"},
    {file = "numpy-1.24.3-cp38-cp38-win_amd64.whl", hash = "sha256:56e48aec79ae238f6e4395886b5eaed058abb7231fb3361ddd7bfdf4eed54289"},
    {file = "numpy-1.24.3-cp39-cp39-macosx_10_9_x86_64.whl", hash = "sha256:4719d5aefb5189f50887773699eaf94e7d1e02bf36c1a9d353d9f46703758ca4"},
    {file = "numpy-1.24.3-cp39-cp39-macosx_11_0_arm64.whl", hash = "sha256:0ec87a7084caa559c36e0a2309e4ecb1baa03b687201d0a847c8b0ed476a7187"},
    {file = "numpy-1.24.3-cp39-cp39-manylinux_2_17_aarch64.manylinux2014_aarch64.whl", hash = "sha256:ea8282b9bcfe2b5e7d491d0bf7f3e2da29700cec05b49e64d6246923329f2b02"},
    {file = "numpy-1.24.3-cp39-cp39-manylinux_2_17_x86_64.manylinux2014_x86_64.whl", hash = "sha256:210461d87fb02a84ef243cac5e814aad2b7f4be953b32cb53327bb49fd77fbb4"},
    {file = "numpy-1.24.3-cp39-cp39-win32.whl", hash = "sha256:784c6da1a07818491b0ffd63c6bbe5a33deaa0e25a20e1b3ea20cf0e43f8046c"},
    {file = "numpy-1.24.3-cp39-cp39-win_amd64.whl", hash = "sha256:d5036197ecae68d7f491fcdb4df90082b0d4960ca6599ba2659957aafced7c17"},
    {file = "numpy-1.24.3-pp38-pypy38_pp73-macosx_10_9_x86_64.whl", hash = "sha256:352ee00c7f8387b44d19f4cada524586f07379c0d49270f87233983bc5087ca0"},
    {file = "numpy-1.24.3-pp38-pypy38_pp73-manylinux_2_17_x86_64.manylinux2014_x86_64.whl", hash = "sha256:1a7d6acc2e7524c9955e5c903160aa4ea083736fde7e91276b0e5d98e6332812"},
    {file = "numpy-1.24.3-pp38-pypy38_pp73-win_amd64.whl", hash = "sha256:35400e6a8d102fd07c71ed7dcadd9eb62ee9a6e84ec159bd48c28235bbb0f8e4"},
    {file = "numpy-1.24.3.tar.gz", hash = "sha256:ab344f1bf21f140adab8e47fdbc7c35a477dc01408791f8ba00d018dd0bc5155"},
]

[[package]]
name = "pandas"
version = "2.0.1"
description = "Powerful data structures for data analysis, time series, and statistics"
category = "main"
optional = false
python-versions = ">=3.8"
files = [
    {file = "pandas-2.0.1-cp310-cp310-macosx_10_9_x86_64.whl", hash = "sha256:70a996a1d2432dadedbb638fe7d921c88b0cc4dd90374eab51bb33dc6c0c2a12"},
    {file = "pandas-2.0.1-cp310-cp310-macosx_11_0_arm64.whl", hash = "sha256:909a72b52175590debbf1d0c9e3e6bce2f1833c80c76d80bd1aa09188be768e5"},
    {file = "pandas-2.0.1-cp310-cp310-manylinux_2_17_aarch64.manylinux2014_aarch64.whl", hash = "sha256:fe7914d8ddb2d54b900cec264c090b88d141a1eed605c9539a187dbc2547f022"},
    {file = "pandas-2.0.1-cp310-cp310-manylinux_2_17_x86_64.manylinux2014_x86_64.whl", hash = "sha256:0a514ae436b23a92366fbad8365807fc0eed15ca219690b3445dcfa33597a5cc"},
    {file = "pandas-2.0.1-cp310-cp310-win32.whl", hash = "sha256:12bd6618e3cc737c5200ecabbbb5eaba8ab645a4b0db508ceeb4004bb10b060e"},
    {file = "pandas-2.0.1-cp310-cp310-win_amd64.whl", hash = "sha256:2b6fe5f7ce1cba0e74188c8473c9091ead9b293ef0a6794939f8cc7947057abd"},
    {file = "pandas-2.0.1-cp311-cp311-macosx_10_9_x86_64.whl", hash = "sha256:00959a04a1d7bbc63d75a768540fb20ecc9e65fd80744c930e23768345a362a7"},
    {file = "pandas-2.0.1-cp311-cp311-macosx_11_0_arm64.whl", hash = "sha256:af2449e9e984dfad39276b885271ba31c5e0204ffd9f21f287a245980b0e4091"},
    {file = "pandas-2.0.1-cp311-cp311-manylinux_2_17_aarch64.manylinux2014_aarch64.whl", hash = "sha256:910df06feaf9935d05247db6de452f6d59820e432c18a2919a92ffcd98f8f79b"},
    {file = "pandas-2.0.1-cp311-cp311-manylinux_2_17_x86_64.manylinux2014_x86_64.whl", hash = "sha256:6fa0067f2419f933101bdc6001bcea1d50812afbd367b30943417d67fbb99678"},
    {file = "pandas-2.0.1-cp311-cp311-win32.whl", hash = "sha256:7b8395d335b08bc8b050590da264f94a439b4770ff16bb51798527f1dd840388"},
    {file = "pandas-2.0.1-cp311-cp311-win_amd64.whl", hash = "sha256:8db5a644d184a38e6ed40feeb12d410d7fcc36648443defe4707022da127fc35"},
    {file = "pandas-2.0.1-cp38-cp38-macosx_10_9_x86_64.whl", hash = "sha256:7bbf173d364130334e0159a9a034f573e8b44a05320995127cf676b85fd8ce86"},
    {file = "pandas-2.0.1-cp38-cp38-macosx_11_0_arm64.whl", hash = "sha256:6c0853d487b6c868bf107a4b270a823746175b1932093b537b9b76c639fc6f7e"},
    {file = "pandas-2.0.1-cp38-cp38-manylinux_2_17_aarch64.manylinux2014_aarch64.whl", hash = "sha256:f25e23a03f7ad7211ffa30cb181c3e5f6d96a8e4cb22898af462a7333f8a74eb"},
    {file = "pandas-2.0.1-cp38-cp38-manylinux_2_17_x86_64.manylinux2014_x86_64.whl", hash = "sha256:e09a53a4fe8d6ae2149959a2d02e1ef2f4d2ceb285ac48f74b79798507e468b4"},
    {file = "pandas-2.0.1-cp38-cp38-win32.whl", hash = "sha256:a2564629b3a47b6aa303e024e3d84e850d36746f7e804347f64229f8c87416ea"},
    {file = "pandas-2.0.1-cp38-cp38-win_amd64.whl", hash = "sha256:03e677c6bc9cfb7f93a8b617d44f6091613a5671ef2944818469be7b42114a00"},
    {file = "pandas-2.0.1-cp39-cp39-macosx_10_9_x86_64.whl", hash = "sha256:3d099ecaa5b9e977b55cd43cf842ec13b14afa1cfa51b7e1179d90b38c53ce6a"},
    {file = "pandas-2.0.1-cp39-cp39-macosx_11_0_arm64.whl", hash = "sha256:a37ee35a3eb6ce523b2c064af6286c45ea1c7ff882d46e10d0945dbda7572753"},
    {file = "pandas-2.0.1-cp39-cp39-manylinux_2_17_aarch64.manylinux2014_aarch64.whl", hash = "sha256:320b180d125c3842c5da5889183b9a43da4ebba375ab2ef938f57bf267a3c684"},
    {file = "pandas-2.0.1-cp39-cp39-manylinux_2_17_x86_64.manylinux2014_x86_64.whl", hash = "sha256:18d22cb9043b6c6804529810f492ab09d638ddf625c5dea8529239607295cb59"},
    {file = "pandas-2.0.1-cp39-cp39-win32.whl", hash = "sha256:90d1d365d77d287063c5e339f49b27bd99ef06d10a8843cf00b1a49326d492c1"},
    {file = "pandas-2.0.1-cp39-cp39-win_amd64.whl", hash = "sha256:99f7192d8b0e6daf8e0d0fd93baa40056684e4b4aaaef9ea78dff34168e1f2f0"},
    {file = "pandas-2.0.1.tar.gz", hash = "sha256:19b8e5270da32b41ebf12f0e7165efa7024492e9513fb46fb631c5022ae5709d"},
]

[package.dependencies]
numpy = [
    {version = ">=1.21.0", markers = "python_version >= \"3.10\""},
    {version = ">=1.23.2", markers = "python_version >= \"3.11\""},
]
python-dateutil = ">=2.8.2"
pytz = ">=2020.1"
tzdata = ">=2022.1"

[package.extras]
all = ["PyQt5 (>=5.15.1)", "SQLAlchemy (>=1.4.16)", "beautifulsoup4 (>=4.9.3)", "bottleneck (>=1.3.2)", "brotlipy (>=0.7.0)", "fastparquet (>=0.6.3)", "fsspec (>=2021.07.0)", "gcsfs (>=2021.07.0)", "html5lib (>=1.1)", "hypothesis (>=6.34.2)", "jinja2 (>=3.0.0)", "lxml (>=4.6.3)", "matplotlib (>=3.6.1)", "numba (>=0.53.1)", "numexpr (>=2.7.3)", "odfpy (>=1.4.1)", "openpyxl (>=3.0.7)", "pandas-gbq (>=0.15.0)", "psycopg2 (>=2.8.6)", "pyarrow (>=7.0.0)", "pymysql (>=1.0.2)", "pyreadstat (>=1.1.2)", "pytest (>=7.0.0)", "pytest-asyncio (>=0.17.0)", "pytest-xdist (>=2.2.0)", "python-snappy (>=0.6.0)", "pyxlsb (>=1.0.8)", "qtpy (>=2.2.0)", "s3fs (>=2021.08.0)", "scipy (>=1.7.1)", "tables (>=3.6.1)", "tabulate (>=0.8.9)", "xarray (>=0.21.0)", "xlrd (>=2.0.1)", "xlsxwriter (>=1.4.3)", "zstandard (>=0.15.2)"]
aws = ["s3fs (>=2021.08.0)"]
clipboard = ["PyQt5 (>=5.15.1)", "qtpy (>=2.2.0)"]
compression = ["brotlipy (>=0.7.0)", "python-snappy (>=0.6.0)", "zstandard (>=0.15.2)"]
computation = ["scipy (>=1.7.1)", "xarray (>=0.21.0)"]
excel = ["odfpy (>=1.4.1)", "openpyxl (>=3.0.7)", "pyxlsb (>=1.0.8)", "xlrd (>=2.0.1)", "xlsxwriter (>=1.4.3)"]
feather = ["pyarrow (>=7.0.0)"]
fss = ["fsspec (>=2021.07.0)"]
gcp = ["gcsfs (>=2021.07.0)", "pandas-gbq (>=0.15.0)"]
hdf5 = ["tables (>=3.6.1)"]
html = ["beautifulsoup4 (>=4.9.3)", "html5lib (>=1.1)", "lxml (>=4.6.3)"]
mysql = ["SQLAlchemy (>=1.4.16)", "pymysql (>=1.0.2)"]
output-formatting = ["jinja2 (>=3.0.0)", "tabulate (>=0.8.9)"]
parquet = ["pyarrow (>=7.0.0)"]
performance = ["bottleneck (>=1.3.2)", "numba (>=0.53.1)", "numexpr (>=2.7.1)"]
plot = ["matplotlib (>=3.6.1)"]
postgresql = ["SQLAlchemy (>=1.4.16)", "psycopg2 (>=2.8.6)"]
spss = ["pyreadstat (>=1.1.2)"]
sql-other = ["SQLAlchemy (>=1.4.16)"]
test = ["hypothesis (>=6.34.2)", "pytest (>=7.0.0)", "pytest-asyncio (>=0.17.0)", "pytest-xdist (>=2.2.0)"]
xml = ["lxml (>=4.6.3)"]

[[package]]
name = "protobuf"
version = "4.22.4"
description = ""
category = "main"
optional = false
python-versions = ">=3.7"
files = [
    {file = "protobuf-4.22.4-cp310-abi3-win32.whl", hash = "sha256:a4e661247896c2ffea4b894bca2d8657e752bedb8f3c66d7befa2557291be1e8"},
    {file = "protobuf-4.22.4-cp310-abi3-win_amd64.whl", hash = "sha256:7b42086d6027be2730151b49f27b2f5be40f3b036adf7b8da5917f4567f268c3"},
    {file = "protobuf-4.22.4-cp37-abi3-macosx_10_9_universal2.whl", hash = "sha256:4bfb28d48628deacdb66a95aaa7b6640f3dc82b4edd34db444c7a3cdd90b01fb"},
    {file = "protobuf-4.22.4-cp37-abi3-manylinux2014_aarch64.whl", hash = "sha256:e98e26328d7c668541d1052b02de4205b1094ef6b2ce57167440d3e39876db48"},
    {file = "protobuf-4.22.4-cp37-abi3-manylinux2014_x86_64.whl", hash = "sha256:8fd329e5dd7b6c4b878cab4b85bb6cec880e2adaf4e8aa2c75944dcbb05e1ff1"},
    {file = "protobuf-4.22.4-cp37-cp37m-win32.whl", hash = "sha256:b7728b5da9eee15c0aa3baaee79e94fa877ddcf7e3d2f34b1eab586cd26eea89"},
    {file = "protobuf-4.22.4-cp37-cp37m-win_amd64.whl", hash = "sha256:f4a711588c3a79b6f9c44af4d7f4a2ae868e27063654683932ab6462f90e9656"},
    {file = "protobuf-4.22.4-cp38-cp38-win32.whl", hash = "sha256:11b28b4e779d7f275e3ea0efa3938f4d4e8ed3ca818f9fec3b193f8e9ada99fd"},
    {file = "protobuf-4.22.4-cp38-cp38-win_amd64.whl", hash = "sha256:144d5b46df5e44f914f715accaadf88d617242ba5a40cacef4e8de7effa79954"},
    {file = "protobuf-4.22.4-cp39-cp39-win32.whl", hash = "sha256:5128b4d5efcaef92189e076077ae389700606ff81d2126b8361dc01f3e026197"},
    {file = "protobuf-4.22.4-cp39-cp39-win_amd64.whl", hash = "sha256:9537ae27d43318acf8ce27d0359fe28e6ebe4179c3350bc055bb60ff4dc4fcd3"},
    {file = "protobuf-4.22.4-py3-none-any.whl", hash = "sha256:3b21074b7fb748d8e123acaef9fa63a84fdc1436dc71199d2317b139f77dd6f4"},
    {file = "protobuf-4.22.4.tar.gz", hash = "sha256:21fbaef7f012232eb8d6cb8ba334e931fc6ff8570f5aaedc77d5b22a439aa909"},
]

[[package]]
name = "pydantic"
version = "1.10.7"
description = "Data validation and settings management using python type hints"
category = "main"
optional = false
python-versions = ">=3.7"
files = [
    {file = "pydantic-1.10.7-cp310-cp310-macosx_10_9_x86_64.whl", hash = "sha256:e79e999e539872e903767c417c897e729e015872040e56b96e67968c3b918b2d"},
    {file = "pydantic-1.10.7-cp310-cp310-macosx_11_0_arm64.whl", hash = "sha256:01aea3a42c13f2602b7ecbbea484a98169fb568ebd9e247593ea05f01b884b2e"},
    {file = "pydantic-1.10.7-cp310-cp310-manylinux_2_17_x86_64.manylinux2014_x86_64.whl", hash = "sha256:516f1ed9bc2406a0467dd777afc636c7091d71f214d5e413d64fef45174cfc7a"},
    {file = "pydantic-1.10.7-cp310-cp310-manylinux_2_5_i686.manylinux1_i686.manylinux_2_17_i686.manylinux2014_i686.whl", hash = "sha256:ae150a63564929c675d7f2303008d88426a0add46efd76c3fc797cd71cb1b46f"},
    {file = "pydantic-1.10.7-cp310-cp310-musllinux_1_1_i686.whl", hash = "sha256:ecbbc51391248116c0a055899e6c3e7ffbb11fb5e2a4cd6f2d0b93272118a209"},
    {file = "pydantic-1.10.7-cp310-cp310-musllinux_1_1_x86_64.whl", hash = "sha256:f4a2b50e2b03d5776e7f21af73e2070e1b5c0d0df255a827e7c632962f8315af"},
    {file = "pydantic-1.10.7-cp310-cp310-win_amd64.whl", hash = "sha256:a7cd2251439988b413cb0a985c4ed82b6c6aac382dbaff53ae03c4b23a70e80a"},
    {file = "pydantic-1.10.7-cp311-cp311-macosx_10_9_x86_64.whl", hash = "sha256:68792151e174a4aa9e9fc1b4e653e65a354a2fa0fed169f7b3d09902ad2cb6f1"},
    {file = "pydantic-1.10.7-cp311-cp311-macosx_11_0_arm64.whl", hash = "sha256:dfe2507b8ef209da71b6fb5f4e597b50c5a34b78d7e857c4f8f3115effaef5fe"},
    {file = "pydantic-1.10.7-cp311-cp311-manylinux_2_17_x86_64.manylinux2014_x86_64.whl", hash = "sha256:10a86d8c8db68086f1e30a530f7d5f83eb0685e632e411dbbcf2d5c0150e8dcd"},
    {file = "pydantic-1.10.7-cp311-cp311-manylinux_2_5_i686.manylinux1_i686.manylinux_2_17_i686.manylinux2014_i686.whl", hash = "sha256:d75ae19d2a3dbb146b6f324031c24f8a3f52ff5d6a9f22f0683694b3afcb16fb"},
    {file = "pydantic-1.10.7-cp311-cp311-musllinux_1_1_i686.whl", hash = "sha256:464855a7ff7f2cc2cf537ecc421291b9132aa9c79aef44e917ad711b4a93163b"},
    {file = "pydantic-1.10.7-cp311-cp311-musllinux_1_1_x86_64.whl", hash = "sha256:193924c563fae6ddcb71d3f06fa153866423ac1b793a47936656e806b64e24ca"},
    {file = "pydantic-1.10.7-cp311-cp311-win_amd64.whl", hash = "sha256:b4a849d10f211389502059c33332e91327bc154acc1845f375a99eca3afa802d"},
    {file = "pydantic-1.10.7-cp37-cp37m-macosx_10_9_x86_64.whl", hash = "sha256:cc1dde4e50a5fc1336ee0581c1612215bc64ed6d28d2c7c6f25d2fe3e7c3e918"},
    {file = "pydantic-1.10.7-cp37-cp37m-manylinux_2_17_x86_64.manylinux2014_x86_64.whl", hash = "sha256:e0cfe895a504c060e5d36b287ee696e2fdad02d89e0d895f83037245218a87fe"},
    {file = "pydantic-1.10.7-cp37-cp37m-manylinux_2_5_i686.manylinux1_i686.manylinux_2_17_i686.manylinux2014_i686.whl", hash = "sha256:670bb4683ad1e48b0ecb06f0cfe2178dcf74ff27921cdf1606e527d2617a81ee"},
    {file = "pydantic-1.10.7-cp37-cp37m-musllinux_1_1_i686.whl", hash = "sha256:950ce33857841f9a337ce07ddf46bc84e1c4946d2a3bba18f8280297157a3fd1"},
    {file = "pydantic-1.10.7-cp37-cp37m-musllinux_1_1_x86_64.whl", hash = "sha256:c15582f9055fbc1bfe50266a19771bbbef33dd28c45e78afbe1996fd70966c2a"},
    {file = "pydantic-1.10.7-cp37-cp37m-win_amd64.whl", hash = "sha256:82dffb306dd20bd5268fd6379bc4bfe75242a9c2b79fec58e1041fbbdb1f7914"},
    {file = "pydantic-1.10.7-cp38-cp38-macosx_10_9_x86_64.whl", hash = "sha256:8c7f51861d73e8b9ddcb9916ae7ac39fb52761d9ea0df41128e81e2ba42886cd"},
    {file = "pydantic-1.10.7-cp38-cp38-macosx_11_0_arm64.whl", hash = "sha256:6434b49c0b03a51021ade5c4daa7d70c98f7a79e95b551201fff682fc1661245"},
    {file = "pydantic-1.10.7-cp38-cp38-manylinux_2_17_x86_64.manylinux2014_x86_64.whl", hash = "sha256:64d34ab766fa056df49013bb6e79921a0265204c071984e75a09cbceacbbdd5d"},
    {file = "pydantic-1.10.7-cp38-cp38-manylinux_2_5_i686.manylinux1_i686.manylinux_2_17_i686.manylinux2014_i686.whl", hash = "sha256:701daea9ffe9d26f97b52f1d157e0d4121644f0fcf80b443248434958fd03dc3"},
    {file = "pydantic-1.10.7-cp38-cp38-musllinux_1_1_i686.whl", hash = "sha256:cf135c46099ff3f919d2150a948ce94b9ce545598ef2c6c7bf55dca98a304b52"},
    {file = "pydantic-1.10.7-cp38-cp38-musllinux_1_1_x86_64.whl", hash = "sha256:b0f85904f73161817b80781cc150f8b906d521fa11e3cdabae19a581c3606209"},
    {file = "pydantic-1.10.7-cp38-cp38-win_amd64.whl", hash = "sha256:9f6f0fd68d73257ad6685419478c5aece46432f4bdd8d32c7345f1986496171e"},
    {file = "pydantic-1.10.7-cp39-cp39-macosx_10_9_x86_64.whl", hash = "sha256:c230c0d8a322276d6e7b88c3f7ce885f9ed16e0910354510e0bae84d54991143"},
    {file = "pydantic-1.10.7-cp39-cp39-macosx_11_0_arm64.whl", hash = "sha256:976cae77ba6a49d80f461fd8bba183ff7ba79f44aa5cfa82f1346b5626542f8e"},
    {file = "pydantic-1.10.7-cp39-cp39-manylinux_2_17_x86_64.manylinux2014_x86_64.whl", hash = "sha256:7d45fc99d64af9aaf7e308054a0067fdcd87ffe974f2442312372dfa66e1001d"},
    {file = "pydantic-1.10.7-cp39-cp39-manylinux_2_5_i686.manylinux1_i686.manylinux_2_17_i686.manylinux2014_i686.whl", hash = "sha256:d2a5ebb48958754d386195fe9e9c5106f11275867051bf017a8059410e9abf1f"},
    {file = "pydantic-1.10.7-cp39-cp39-musllinux_1_1_i686.whl", hash = "sha256:abfb7d4a7cd5cc4e1d1887c43503a7c5dd608eadf8bc615413fc498d3e4645cd"},
    {file = "pydantic-1.10.7-cp39-cp39-musllinux_1_1_x86_64.whl", hash = "sha256:80b1fab4deb08a8292d15e43a6edccdffa5377a36a4597bb545b93e79c5ff0a5"},
    {file = "pydantic-1.10.7-cp39-cp39-win_amd64.whl", hash = "sha256:d71e69699498b020ea198468e2480a2f1e7433e32a3a99760058c6520e2bea7e"},
    {file = "pydantic-1.10.7-py3-none-any.whl", hash = "sha256:0cd181f1d0b1d00e2b705f1bf1ac7799a2d938cce3376b8007df62b29be3c2c6"},
    {file = "pydantic-1.10.7.tar.gz", hash = "sha256:cfc83c0678b6ba51b0532bea66860617c4cd4251ecf76e9846fa5a9f3454e97e"},
]

[package.dependencies]
typing-extensions = ">=4.2.0"

[package.extras]
dotenv = ["python-dotenv (>=0.10.4)"]
email = ["email-validator (>=1.0.3)"]

[[package]]
name = "python-dateutil"
version = "2.8.2"
description = "Extensions to the standard Python datetime module"
category = "main"
optional = false
python-versions = "!=3.0.*,!=3.1.*,!=3.2.*,>=2.7"
files = [
    {file = "python-dateutil-2.8.2.tar.gz", hash = "sha256:0123cacc1627ae19ddf3c27a5de5bd67ee4586fbdd6440d9748f8abb483d3e86"},
    {file = "python_dateutil-2.8.2-py2.py3-none-any.whl", hash = "sha256:961d03dc3453ebbc59dbdea9e4e11c5651520a876d0f4db161e8674aae935da9"},
]

[package.dependencies]
six = ">=1.5"

[[package]]
name = "pytz"
version = "2023.3"
description = "World timezone definitions, modern and historical"
category = "main"
optional = false
python-versions = "*"
files = [
    {file = "pytz-2023.3-py2.py3-none-any.whl", hash = "sha256:a151b3abb88eda1d4e34a9814df37de2a80e301e68ba0fd856fb9b46bfbbbffb"},
    {file = "pytz-2023.3.tar.gz", hash = "sha256:1d8ce29db189191fb55338ee6d0387d82ab59f3d00eac103412d64e0ebd0c588"},
]

[[package]]
name = "qdrant-client"
version = "1.1.6"
description = "Client library for the Qdrant vector search engine"
category = "main"
optional = false
python-versions = ">=3.7,<3.12"
files = [
    {file = "qdrant_client-1.1.6-py3-none-any.whl", hash = "sha256:757e8d65fb6d4305fe6dbb4b087bf62ea3f01c28652f81592800564748a73545"},
    {file = "qdrant_client-1.1.6.tar.gz", hash = "sha256:4b1be451e27e6c8058c565bcf92e5308483b79395f826343477ed376bf601cd3"},
]

[package.dependencies]
grpcio = ">=1.41.0"
grpcio-tools = ">=1.41.0"
httpx = {version = ">=0.14.0", extras = ["http2"]}
numpy = {version = ">=1.21", markers = "python_version >= \"3.8\""}
pydantic = ">=1.8,<2.0"
typing-extensions = ">=4.0.0,<5.0.0"
urllib3 = ">=1.26.14,<2.0.0"

[[package]]
name = "setuptools"
version = "67.7.2"
description = "Easily download, build, install, upgrade, and uninstall Python packages"
category = "main"
optional = false
python-versions = ">=3.7"
files = [
    {file = "setuptools-67.7.2-py3-none-any.whl", hash = "sha256:23aaf86b85ca52ceb801d32703f12d77517b2556af839621c641fca11287952b"},
    {file = "setuptools-67.7.2.tar.gz", hash = "sha256:f104fa03692a2602fa0fec6c6a9e63b6c8a968de13e17c026957dd1f53d80990"},
]

[package.extras]
docs = ["furo", "jaraco.packaging (>=9)", "jaraco.tidelift (>=1.4)", "pygments-github-lexers (==0.0.5)", "rst.linker (>=1.9)", "sphinx (>=3.5)", "sphinx-favicon", "sphinx-hoverxref (<2)", "sphinx-inline-tabs", "sphinx-lint", "sphinx-notfound-page (==0.8.3)", "sphinx-reredirects", "sphinxcontrib-towncrier"]
testing = ["build[virtualenv]", "filelock (>=3.4.0)", "flake8 (<5)", "flake8-2020", "ini2toml[lite] (>=0.9)", "jaraco.envs (>=2.2)", "jaraco.path (>=3.2.0)", "pip (>=19.1)", "pip-run (>=8.8)", "pytest (>=6)", "pytest-black (>=0.3.7)", "pytest-checkdocs (>=2.4)", "pytest-cov", "pytest-enabler (>=1.3)", "pytest-flake8", "pytest-mypy (>=0.9.1)", "pytest-perf", "pytest-timeout", "pytest-xdist", "tomli-w (>=1.0.0)", "virtualenv (>=13.0.0)", "wheel"]
testing-integration = ["build[virtualenv]", "filelock (>=3.4.0)", "jaraco.envs (>=2.2)", "jaraco.path (>=3.2.0)", "pytest", "pytest-enabler", "pytest-xdist", "tomli", "virtualenv (>=13.0.0)", "wheel"]

[[package]]
name = "six"
version = "1.16.0"
description = "Python 2 and 3 compatibility utilities"
category = "main"
optional = false
python-versions = ">=2.7, !=3.0.*, !=3.1.*, !=3.2.*"
files = [
    {file = "six-1.16.0-py2.py3-none-any.whl", hash = "sha256:8abb2f1d86890a2dfb989f9a77cfcfd3e47c2a354b01111771326f8aa26e0254"},
    {file = "six-1.16.0.tar.gz", hash = "sha256:1e61c37477a1626458e36f7b1d82aa5c9b094fa4802892072e49de9c60c4c926"},
]

[[package]]
name = "sniffio"
version = "1.3.0"
description = "Sniff out which async library your code is running under"
category = "main"
optional = false
python-versions = ">=3.7"
files = [
    {file = "sniffio-1.3.0-py3-none-any.whl", hash = "sha256:eecefdce1e5bbfb7ad2eeaabf7c1eeb404d7757c379bd1f7e5cce9d8bf425384"},
    {file = "sniffio-1.3.0.tar.gz", hash = "sha256:e60305c5e5d314f5389259b7f22aaa33d8f7dee49763119234af3755c55b9101"},
]

[[package]]
name = "typing-extensions"
version = "4.5.0"
description = "Backported and Experimental Type Hints for Python 3.7+"
category = "main"
optional = false
python-versions = ">=3.7"
files = [
    {file = "typing_extensions-4.5.0-py3-none-any.whl", hash = "sha256:fb33085c39dd998ac16d1431ebc293a8b3eedd00fd4a32de0ff79002c19511b4"},
    {file = "typing_extensions-4.5.0.tar.gz", hash = "sha256:5cb5f4a79139d699607b3ef622a1dedafa84e115ab0024e0d9c044a9479ca7cb"},
]

[[package]]
name = "tzdata"
version = "2023.3"
description = "Provider of IANA time zone data"
category = "main"
optional = false
python-versions = ">=2"
files = [
    {file = "tzdata-2023.3-py2.py3-none-any.whl", hash = "sha256:7e65763eef3120314099b6939b5546db7adce1e7d6f2e179e3df563c70511eda"},
    {file = "tzdata-2023.3.tar.gz", hash = "sha256:11ef1e08e54acb0d4f95bdb1be05da659673de4acbd21bf9c69e94cc5e907a3a"},
]

[[package]]
name = "urllib3"
version = "1.26.15"
description = "HTTP library with thread-safe connection pooling, file post, and more."
category = "main"
optional = false
python-versions = ">=2.7, !=3.0.*, !=3.1.*, !=3.2.*, !=3.3.*, !=3.4.*, !=3.5.*"
files = [
    {file = "urllib3-1.26.15-py2.py3-none-any.whl", hash = "sha256:aa751d169e23c7479ce47a0cb0da579e3ede798f994f5816a74e4f4500dcea42"},
    {file = "urllib3-1.26.15.tar.gz", hash = "sha256:8a388717b9476f934a21484e8c8e61875ab60644d29b9b39e11e4b9dc1c6b305"},
]

[package.extras]
brotli = ["brotli (>=1.0.9)", "brotlicffi (>=0.8.0)", "brotlipy (>=0.6.0)"]
secure = ["certifi", "cryptography (>=1.3.4)", "idna (>=2.0.0)", "ipaddress", "pyOpenSSL (>=0.14)", "urllib3-secure-extra"]
socks = ["PySocks (>=1.5.6,!=1.5.7,<2.0)"]

[metadata]
lock-version = "2.0"
python-versions = ">=3.10,<3.12"
content-hash = "229690bb198c7a11b4e2fae7593fb5709fe4dca71809ae7ff1c0b95a575a70b5"
